
Microsoft Visual Studio Solution File, Format Version 12.00
# Visual Studio Version 17
VisualStudioVersion = 17.6.33927.249
MinimumVisualStudioVersion = 10.0.40219.1
Project("{FAE04EC0-301F-11D3-BF4B-00C04F79EFBC}") = "GRUPO10_T2", "GRUPO10_T2\GRUPO10_T2.csproj", "{5BEACF82-CF2A-4A44-B562-CC5A201BBFCE}"
EndProject
Global
	GlobalSection(SolutionConfigurationPlatforms) = preSolution
		Debug|Any CPU = Debug|Any CPU
		Release|Any CPU = Release|Any CPU
	EndGlobalSection
	GlobalSection(ProjectConfigurationPlatforms) = postSolution
		{5BEACF82-CF2A-4A44-B562-CC5A201BBFCE}.Debug|Any CPU.ActiveCfg = Debug|Any CPU
		{5BEACF82-CF2A-4A44-B562-CC5A201BBFCE}.Debug|Any CPU.Build.0 = Debug|Any CPU
		{5BEACF82-CF2A-4A44-B562-CC5A201BBFCE}.Release|Any CPU.ActiveCfg = Release|Any CPU
		{5BEACF82-CF2A-4A44-B562-CC5A201BBFCE}.Release|Any CPU.Build.0 = Release|Any CPU
	EndGlobalSection
	GlobalSection(SolutionProperties) = preSolution
		HideSolutionNode = FALSE
	EndGlobalSection
	GlobalSection(ExtensibilityGlobals) = postSolution
		SolutionGuid = {D4B63790-96FE-419E-9C09-8E5C7D829D5D}
	EndGlobalSection
EndGlobal
